// !$*UTF8*$!
{
	archiveVersion = 1;
	classes = {
	};
	objectVersion = 50;
	objects = {

/* Begin PBXBuildFile section */
		77DF7ADE22578114001E69BA /* AppDelegate.swift in Sources */ = {isa = PBXBuildFile; fileRef = 77DF7ADD22578114001E69BA /* AppDelegate.swift */; };
		77DF7AE022578114001E69BA /* ViewController.swift in Sources */ = {isa = PBXBuildFile; fileRef = 77DF7ADF22578114001E69BA /* ViewController.swift */; };
		77DF7AE322578114001E69BA /* Main.storyboard in Resources */ = {isa = PBXBuildFile; fileRef = 77DF7AE122578114001E69BA /* Main.storyboard */; };
		77DF7AE522578115001E69BA /* Assets.xcassets in Resources */ = {isa = PBXBuildFile; fileRef = 77DF7AE422578115001E69BA /* Assets.xcassets */; };
		77DF7AE822578115001E69BA /* LaunchScreen.storyboard in Resources */ = {isa = PBXBuildFile; fileRef = 77DF7AE622578115001E69BA /* LaunchScreen.storyboard */; };
		77DF7AF322578115001E69BA /* GachaTests.swift in Sources */ = {isa = PBXBuildFile; fileRef = 77DF7AF222578115001E69BA /* GachaTests.swift */; };
		77DF7AFE22578115001E69BA /* GachaUITests.swift in Sources */ = {isa = PBXBuildFile; fileRef = 77DF7AFD22578115001E69BA /* GachaUITests.swift */; };
		77DF7B1C22578155001E69BA /* bg_blue@2x.png in Resources */ = {isa = PBXBuildFile; fileRef = 77DF7B0D22578155001E69BA /* bg_blue@2x.png */; };
		77DF7B1D22578155001E69BA /* bg_gold@2x.png in Resources */ = {isa = PBXBuildFile; fileRef = 77DF7B0E22578155001E69BA /* bg_gold@2x.png */; };
		77DF7B1E22578155001E69BA /* gacha@2x.png in Resources */ = {isa = PBXBuildFile; fileRef = 77DF7B0F22578155001E69BA /* gacha@2x.png */; };
		77DF7B1F22578155001E69BA /* bg_red@2x.png in Resources */ = {isa = PBXBuildFile; fileRef = 77DF7B1022578155001E69BA /* bg_red@2x.png */; };
		77DF7B2022578155001E69BA /* monster005.png in Resources */ = {isa = PBXBuildFile; fileRef = 77DF7B1222578155001E69BA /* monster005.png */; };
		77DF7B2122578155001E69BA /* monster010.png in Resources */ = {isa = PBXBuildFile; fileRef = 77DF7B1322578155001E69BA /* monster010.png */; };
		77DF7B2222578155001E69BA /* monster004.png in Resources */ = {isa = PBXBuildFile; fileRef = 77DF7B1422578155001E69BA /* monster004.png */; };
		77DF7B2322578155001E69BA /* monster006.png in Resources */ = {isa = PBXBuildFile; fileRef = 77DF7B1522578155001E69BA /* monster006.png */; };
		77DF7B2422578155001E69BA /* monster007.png in Resources */ = {isa = PBXBuildFile; fileRef = 77DF7B1622578155001E69BA /* monster007.png */; };
		77DF7B2522578155001E69BA /* monster003.png in Resources */ = {isa = PBXBuildFile; fileRef = 77DF7B1722578155001E69BA /* monster003.png */; };
		77DF7B2622578155001E69BA /* monster002.png in Resources */ = {isa = PBXBuildFile; fileRef = 77DF7B1822578155001E69BA /* monster002.png */; };
		77DF7B2722578155001E69BA /* monster001.png in Resources */ = {isa = PBXBuildFile; fileRef = 77DF7B1922578155001E69BA /* monster001.png */; };
		77DF7B2822578155001E69BA /* monster009.png in Resources */ = {isa = PBXBuildFile; fileRef = 77DF7B1A22578155001E69BA /* monster009.png */; };
		77DF7B2922578155001E69BA /* monster008.png in Resources */ = {isa = PBXBuildFile; fileRef = 77DF7B1B22578155001E69BA /* monster008.png */; };
		77DF7B2D225785A1001E69BA /* ResultViewController.swift in Sources */ = {isa = PBXBuildFile; fileRef = 77DF7B2C225785A1001E69BA /* ResultViewController.swift */; };
/* End PBXBuildFile section */

/* Begin PBXContainerItemProxy section */
		77DF7AEF22578115001E69BA /* PBXContainerItemProxy */ = {
			isa = PBXContainerItemProxy;
			containerPortal = 77DF7AD222578114001E69BA /* Project object */;
			proxyType = 1;
			remoteGlobalIDString = 77DF7AD922578114001E69BA;
			remoteInfo = Gacha;
		};
		77DF7AFA22578115001E69BA /* PBXContainerItemProxy */ = {
			isa = PBXContainerItemProxy;
			containerPortal = 77DF7AD222578114001E69BA /* Project object */;
			proxyType = 1;
			remoteGlobalIDString = 77DF7AD922578114001E69BA;
			remoteInfo = Gacha;
		};
/* End PBXContainerItemProxy section */

/* Begin PBXFileReference section */
		77DF7ADA22578114001E69BA /* Gacha.app */ = {isa = PBXFileReference; explicitFileType = wrapper.application; includeInIndex = 0; path = Gacha.app; sourceTree = BUILT_PRODUCTS_DIR; };
		77DF7ADD22578114001E69BA /* AppDelegate.swift */ = {isa = PBXFileReference; lastKnownFileType = sourcecode.swift; path = AppDelegate.swift; sourceTree = "<group>"; };
		77DF7ADF22578114001E69BA /* ViewController.swift */ = {isa = PBXFileReference; lastKnownFileType = sourcecode.swift; path = ViewController.swift; sourceTree = "<group>"; };
		77DF7AE222578114001E69BA /* Base */ = {isa = PBXFileReference; lastKnownFileType = file.storyboard; name = Base; path = Base.lproj/Main.storyboard; sourceTree = "<group>"; };
		77DF7AE422578115001E69BA /* Assets.xcassets */ = {isa = PBXFileReference; lastKnownFileType = folder.assetcatalog; path = Assets.xcassets; sourceTree = "<group>"; };
		77DF7AE722578115001E69BA /* Base */ = {isa = PBXFileReference; lastKnownFileType = file.storyboard; name = Base; path = Base.lproj/LaunchScreen.storyboard; sourceTree = "<group>"; };
		77DF7AE922578115001E69BA /* Info.plist */ = {isa = PBXFileReference; lastKnownFileType = text.plist.xml; path = Info.plist; sourceTree = "<group>"; };
		77DF7AEE22578115001E69BA /* GachaTests.xctest */ = {isa = PBXFileReference; explicitFileType = wrapper.cfbundle; includeInIndex = 0; path = GachaTests.xctest; sourceTree = BUILT_PRODUCTS_DIR; };
		77DF7AF222578115001E69BA /* GachaTests.swift */ = {isa = PBXFileReference; lastKnownFileType = sourcecode.swift; path = GachaTests.swift; sourceTree = "<group>"; };
		77DF7AF422578115001E69BA /* Info.plist */ = {isa = PBXFileReference; lastKnownFileType = text.plist.xml; path = Info.plist; sourceTree = "<group>"; };
		77DF7AF922578115001E69BA /* GachaUITests.xctest */ = {isa = PBXFileReference; explicitFileType = wrapper.cfbundle; includeInIndex = 0; path = GachaUITests.xctest; sourceTree = BUILT_PRODUCTS_DIR; };
		77DF7AFD22578115001E69BA /* GachaUITests.swift */ = {isa = PBXFileReference; lastKnownFileType = sourcecode.swift; path = GachaUITests.swift; sourceTree = "<group>"; };
		77DF7AFF22578115001E69BA /* Info.plist */ = {isa = PBXFileReference; lastKnownFileType = text.plist.xml; path = Info.plist; sourceTree = "<group>"; };
		77DF7B0D22578155001E69BA /* bg_blue@2x.png */ = {isa = PBXFileReference; lastKnownFileType = image.png; path = "bg_blue@2x.png"; sourceTree = "<group>"; };
		77DF7B0E22578155001E69BA /* bg_gold@2x.png */ = {isa = PBXFileReference; lastKnownFileType = image.png; path = "bg_gold@2x.png"; sourceTree = "<group>"; };
		77DF7B0F22578155001E69BA /* gacha@2x.png */ = {isa = PBXFileReference; lastKnownFileType = image.png; path = "gacha@2x.png"; sourceTree = "<group>"; };
		77DF7B1022578155001E69BA /* bg_red@2x.png */ = {isa = PBXFileReference; lastKnownFileType = image.png; path = "bg_red@2x.png"; sourceTree = "<group>"; };
		77DF7B1222578155001E69BA /* monster005.png */ = {isa = PBXFileReference; lastKnownFileType = image.png; path = monster005.png; sourceTree = "<group>"; };
		77DF7B1322578155001E69BA /* monster010.png */ = {isa = PBXFileReference; lastKnownFileType = image.png; path = monster010.png; sourceTree = "<group>"; };
		77DF7B1422578155001E69BA /* monster004.png */ = {isa = PBXFileReference; lastKnownFileType = image.png; path = monster004.png; sourceTree = "<group>"; };
		77DF7B1522578155001E69BA /* monster006.png */ = {isa = PBXFileReference; lastKnownFileType = image.png; path = monster006.png; sourceTree = "<group>"; };
		77DF7B1622578155001E69BA /* monster007.png */ = {isa = PBXFileReference; lastKnownFileType = image.png; path = monster007.png; sourceTree = "<group>"; };
		77DF7B1722578155001E69BA /* monster003.png */ = {isa = PBXFileReference; lastKnownFileType = image.png; path = monster003.png; sourceTree = "<group>"; };
		77DF7B1822578155001E69BA /* monster002.png */ = {isa = PBXFileReference; lastKnownFileType = image.png; path = monster002.png; sourceTree = "<group>"; };
		77DF7B1922578155001E69BA /* monster001.png */ = {isa = PBXFileReference; lastKnownFileType = image.png; path = monster001.png; sourceTree = "<group>"; };
		77DF7B1A22578155001E69BA /* monster009.png */ = {isa = PBXFileReference; lastKnownFileType = image.png; path = monster009.png; sourceTree = "<group>"; };
		77DF7B1B22578155001E69BA /* monster008.png */ = {isa = PBXFileReference; lastKnownFileType = image.png; path = monster008.png; sourceTree = "<group>"; };
		77DF7B2C225785A1001E69BA /* ResultViewController.swift */ = {isa = PBXFileReference; lastKnownFileType = sourcecode.swift; path = ResultViewController.swift; sourceTree = "<group>"; };
/* End PBXFileReference section */

/* Begin PBXFrameworksBuildPhase section */
		77DF7AD722578114001E69BA /* Frameworks */ = {
			isa = PBXFrameworksBuildPhase;
			buildActionMask = 2147483647;
			files = (
			);
			runOnlyForDeploymentPostprocessing = 0;
		};
		77DF7AEB22578115001E69BA /* Frameworks */ = {
			isa = PBXFrameworksBuildPhase;
			buildActionMask = 2147483647;
			files = (
			);
			runOnlyForDeploymentPostprocessing = 0;
		};
		77DF7AF622578115001E69BA /* Frameworks */ = {
			isa = PBXFrameworksBuildPhase;
			buildActionMask = 2147483647;
			files = (
			);
			runOnlyForDeploymentPostprocessing = 0;
		};
/* End PBXFrameworksBuildPhase section */

/* Begin PBXGroup section */
		77DF7AD122578114001E69BA = {
			isa = PBXGroup;
			children = (
				77DF7ADC22578114001E69BA /* Gacha */,
				77DF7AF122578115001E69BA /* GachaTests */,
				77DF7AFC22578115001E69BA /* GachaUITests */,
				77DF7ADB22578114001E69BA /* Products */,
			);
			sourceTree = "<group>";
		};
		77DF7ADB22578114001E69BA /* Products */ = {
			isa = PBXGroup;
			children = (
				77DF7ADA22578114001E69BA /* Gacha.app */,
				77DF7AEE22578115001E69BA /* GachaTests.xctest */,
				77DF7AF922578115001E69BA /* GachaUITests.xctest */,
			);
			name = Products;
			sourceTree = "<group>";
		};
		77DF7ADC22578114001E69BA /* Gacha */ = {
			isa = PBXGroup;
			children = (
				77DF7B0B22578155001E69BA /* GachaResources */,
				77DF7ADD22578114001E69BA /* AppDelegate.swift */,
				77DF7ADF22578114001E69BA /* ViewController.swift */,
				77DF7B2C225785A1001E69BA /* ResultViewController.swift */,
				77DF7AE122578114001E69BA /* Main.storyboard */,
				77DF7AE422578115001E69BA /* Assets.xcassets */,
				77DF7AE622578115001E69BA /* LaunchScreen.storyboard */,
				77DF7AE922578115001E69BA /* Info.plist */,
			);
			path = Gacha;
			sourceTree = "<group>";
		};
		77DF7AF122578115001E69BA /* GachaTests */ = {
			isa = PBXGroup;
			children = (
				77DF7AF222578115001E69BA /* GachaTests.swift */,
				77DF7AF422578115001E69BA /* Info.plist */,
			);
			path = GachaTests;
			sourceTree = "<group>";
		};
		77DF7AFC22578115001E69BA /* GachaUITests */ = {
			isa = PBXGroup;
			children = (
				77DF7AFD22578115001E69BA /* GachaUITests.swift */,
				77DF7AFF22578115001E69BA /* Info.plist */,
			);
			path = GachaUITests;
			sourceTree = "<group>";
		};
		77DF7B0B22578155001E69BA /* GachaResources */ = {
			isa = PBXGroup;
			children = (
				77DF7B0C22578155001E69BA /* background */,
				77DF7B1122578155001E69BA /* monster */,
			);
			path = GachaResources;
			sourceTree = "<group>";
		};
		77DF7B0C22578155001E69BA /* background */ = {
			isa = PBXGroup;
			children = (
				77DF7B0D22578155001E69BA /* bg_blue@2x.png */,
				77DF7B0E22578155001E69BA /* bg_gold@2x.png */,
				77DF7B0F22578155001E69BA /* gacha@2x.png */,
				77DF7B1022578155001E69BA /* bg_red@2x.png */,
			);
			path = background;
			sourceTree = "<group>";
		};
		77DF7B1122578155001E69BA /* monster */ = {
			isa = PBXGroup;
			children = (
				77DF7B1222578155001E69BA /* monster005.png */,
				77DF7B1322578155001E69BA /* monster010.png */,
				77DF7B1422578155001E69BA /* monster004.png */,
				77DF7B1522578155001E69BA /* monster006.png */,
				77DF7B1622578155001E69BA /* monster007.png */,
				77DF7B1722578155001E69BA /* monster003.png */,
				77DF7B1822578155001E69BA /* monster002.png */,
				77DF7B1922578155001E69BA /* monster001.png */,
				77DF7B1A22578155001E69BA /* monster009.png */,
				77DF7B1B22578155001E69BA /* monster008.png */,
			);
			path = monster;
			sourceTree = "<group>";
		};
/* End PBXGroup section */

/* Begin PBXNativeTarget section */
		77DF7AD922578114001E69BA /* Gacha */ = {
			isa = PBXNativeTarget;
			buildConfigurationList = 77DF7B0222578115001E69BA /* Build configuration list for PBXNativeTarget "Gacha" */;
			buildPhases = (
				77DF7AD622578114001E69BA /* Sources */,
				77DF7AD722578114001E69BA /* Frameworks */,
				77DF7AD822578114001E69BA /* Resources */,
			);
			buildRules = (
			);
			dependencies = (
			);
			name = Gacha;
			productName = Gacha;
			productReference = 77DF7ADA22578114001E69BA /* Gacha.app */;
			productType = "com.apple.product-type.application";
		};
		77DF7AED22578115001E69BA /* GachaTests */ = {
			isa = PBXNativeTarget;
			buildConfigurationList = 77DF7B0522578115001E69BA /* Build configuration list for PBXNativeTarget "GachaTests" */;
			buildPhases = (
				77DF7AEA22578115001E69BA /* Sources */,
				77DF7AEB22578115001E69BA /* Frameworks */,
				77DF7AEC22578115001E69BA /* Resources */,
			);
			buildRules = (
			);
			dependencies = (
				77DF7AF022578115001E69BA /* PBXTargetDependency */,
			);
			name = GachaTests;
			productName = GachaTests;
			productReference = 77DF7AEE22578115001E69BA /* GachaTests.xctest */;
			productType = "com.apple.product-type.bundle.unit-test";
		};
		77DF7AF822578115001E69BA /* GachaUITests */ = {
			isa = PBXNativeTarget;
			buildConfigurationList = 77DF7B0822578115001E69BA /* Build configuration list for PBXNativeTarget "GachaUITests" */;
			buildPhases = (
				77DF7AF522578115001E69BA /* Sources */,
				77DF7AF622578115001E69BA /* Frameworks */,
				77DF7AF722578115001E69BA /* Resources */,
			);
			buildRules = (
			);
			dependencies = (
				77DF7AFB22578115001E69BA /* PBXTargetDependency */,
			);
			name = GachaUITests;
			productName = GachaUITests;
			productReference = 77DF7AF922578115001E69BA /* GachaUITests.xctest */;
			productType = "com.apple.product-type.bundle.ui-testing";
		};
/* End PBXNativeTarget section */

/* Begin PBXProject section */
		77DF7AD222578114001E69BA /* Project object */ = {
			isa = PBXProject;
			attributes = {
				LastSwiftUpdateCheck = 1010;
				LastUpgradeCheck = 1010;
				ORGANIZATIONNAME = "所　紀彦";
				TargetAttributes = {
					77DF7AD922578114001E69BA = {
						CreatedOnToolsVersion = 10.1;
					};
					77DF7AED22578115001E69BA = {
						CreatedOnToolsVersion = 10.1;
						TestTargetID = 77DF7AD922578114001E69BA;
					};
					77DF7AF822578115001E69BA = {
						CreatedOnToolsVersion = 10.1;
						TestTargetID = 77DF7AD922578114001E69BA;
					};
				};
			};
			buildConfigurationList = 77DF7AD522578114001E69BA /* Build configuration list for PBXProject "Gacha" */;
			compatibilityVersion = "Xcode 9.3";
			developmentRegion = en;
			hasScannedForEncodings = 0;
			knownRegions = (
				en,
				Base,
			);
			mainGroup = 77DF7AD122578114001E69BA;
			productRefGroup = 77DF7ADB22578114001E69BA /* Products */;
			projectDirPath = "";
			projectRoot = "";
			targets = (
				77DF7AD922578114001E69BA /* Gacha */,
				77DF7AED22578115001E69BA /* GachaTests */,
				77DF7AF822578115001E69BA /* GachaUITests */,
			);
		};
/* End PBXProject section */

/* Begin PBXResourcesBuildPhase section */
		77DF7AD822578114001E69BA /* Resources */ = {
			isa = PBXResourcesBuildPhase;
			buildActionMask = 2147483647;
			files = (
				77DF7B1F22578155001E69BA /* bg_red@2x.png in Resources */,
				77DF7AE822578115001E69BA /* LaunchScreen.storyboard in Resources */,
				77DF7B2822578155001E69BA /* monster009.png in Resources */,
				77DF7B1D22578155001E69BA /* bg_gold@2x.png in Resources */,
				77DF7B2522578155001E69BA /* monster003.png in Resources */,
				77DF7B2722578155001E69BA /* monster001.png in Resources */,
				77DF7B2922578155001E69BA /* monster008.png in Resources */,
				77DF7AE522578115001E69BA /* Assets.xcassets in Resources */,
				77DF7B2422578155001E69BA /* monster007.png in Resources */,
				77DF7B1E22578155001E69BA /* gacha@2x.png in Resources */,
				77DF7B2622578155001E69BA /* monster002.png in Resources */,
				77DF7AE322578114001E69BA /* Main.storyboard in Resources */,
				77DF7B2122578155001E69BA /* monster010.png in Resources */,
				77DF7B2322578155001E69BA /* monster006.png in Resources */,
				77DF7B2022578155001E69BA /* monster005.png in Resources */,
				77DF7B1C22578155001E69BA /* bg_blue@2x.png in Resources */,
				77DF7B2222578155001E69BA /* monster004.png in Resources */,
			);
			runOnlyForDeploymentPostprocessing = 0;
		};
		77DF7AEC22578115001E69BA /* Resources */ = {
			isa = PBXResourcesBuildPhase;
			buildActionMask = 2147483647;
			files = (
			);
			runOnlyForDeploymentPostprocessing = 0;
		};
		77DF7AF722578115001E69BA /* Resources */ = {
			isa = PBXResourcesBuildPhase;
			buildActionMask = 2147483647;
			files = (
			);
			runOnlyForDeploymentPostprocessing = 0;
		};
/* End PBXResourcesBuildPhase section */

/* Begin PBXSourcesBuildPhase section */
		77DF7AD622578114001E69BA /* Sources */ = {
			isa = PBXSourcesBuildPhase;
			buildActionMask = 2147483647;
			files = (
				77DF7AE022578114001E69BA /* ViewController.swift in Sources */,
				77DF7ADE22578114001E69BA /* AppDelegate.swift in Sources */,
				77DF7B2D225785A1001E69BA /* ResultViewController.swift in Sources */,
			);
			runOnlyForDeploymentPostprocessing = 0;
		};
		77DF7AEA22578115001E69BA /* Sources */ = {
			isa = PBXSourcesBuildPhase;
			buildActionMask = 2147483647;
			files = (
				77DF7AF322578115001E69BA /* GachaTests.swift in Sources */,
			);
			runOnlyForDeploymentPostprocessing = 0;
		};
		77DF7AF522578115001E69BA /* Sources */ = {
			isa = PBXSourcesBuildPhase;
			buildActionMask = 2147483647;
			files = (
				77DF7AFE22578115001E69BA /* GachaUITests.swift in Sources */,
			);
			runOnlyForDeploymentPostprocessing = 0;
		};
/* End PBXSourcesBuildPhase section */

/* Begin PBXTargetDependency section */
		77DF7AF022578115001E69BA /* PBXTargetDependency */ = {
			isa = PBXTargetDependency;
			target = 77DF7AD922578114001E69BA /* Gacha */;
			targetProxy = 77DF7AEF22578115001E69BA /* PBXContainerItemProxy */;
		};
		77DF7AFB22578115001E69BA /* PBXTargetDependency */ = {
			isa = PBXTargetDependency;
			target = 77DF7AD922578114001E69BA /* Gacha */;
			targetProxy = 77DF7AFA22578115001E69BA /* PBXContainerItemProxy */;
		};
/* End PBXTargetDependency section */

/* Begin PBXVariantGroup section */
		77DF7AE122578114001E69BA /* Main.storyboard */ = {
			isa = PBXVariantGroup;
			children = (
				77DF7AE222578114001E69BA /* Base */,
			);
			name = Main.storyboard;
			sourceTree = "<group>";
		};
		77DF7AE622578115001E69BA /* LaunchScreen.storyboard */ = {
			isa = PBXVariantGroup;
			children = (
				77DF7AE722578115001E69BA /* Base */,
			);
			name = LaunchScreen.storyboard;
			sourceTree = "<group>";
		};
/* End PBXVariantGroup section */

/* Begin XCBuildConfiguration section */
		77DF7B0022578115001E69BA /* Debug */ = {
			isa = XCBuildConfiguration;
			buildSettings = {
				ALWAYS_SEARCH_USER_PATHS = NO;
				CLANG_ANALYZER_NONNULL = YES;
				CLANG_ANALYZER_NUMBER_OBJECT_CONVERSION = YES_AGGRESSIVE;
				CLANG_CXX_LANGUAGE_STANDARD = "gnu++14";
				CLANG_CXX_LIBRARY = "libc++";
				CLANG_ENABLE_MODULES = YES;
				CLANG_ENABLE_OBJC_ARC = YES;
				CLANG_ENABLE_OBJC_WEAK = YES;
				CLANG_WARN_BLOCK_CAPTURE_AUTORELEASING = YES;
				CLANG_WARN_BOOL_CONVERSION = YES;
				CLANG_WARN_COMMA = YES;
				CLANG_WARN_CONSTANT_CONVERSION = YES;
				CLANG_WARN_DEPRECATED_OBJC_IMPLEMENTATIONS = YES;
				CLANG_WARN_DIRECT_OBJC_ISA_USAGE = YES_ERROR;
				CLANG_WARN_DOCUMENTATION_COMMENTS = YES;
				CLANG_WARN_EMPTY_BODY = YES;
				CLANG_WARN_ENUM_CONVERSION = YES;
				CLANG_WARN_INFINITE_RECURSION = YES;
				CLANG_WARN_INT_CONVERSION = YES;
				CLANG_WARN_NON_LITERAL_NULL_CONVERSION = YES;
				CLANG_WARN_OBJC_IMPLICIT_RETAIN_SELF = YES;
				CLANG_WARN_OBJC_LITERAL_CONVERSION = YES;
				CLANG_WARN_OBJC_ROOT_CLASS = YES_ERROR;
				CLANG_WARN_RANGE_LOOP_ANALYSIS = YES;
				CLANG_WARN_STRICT_PROTOTYPES = YES;
				CLANG_WARN_SUSPICIOUS_MOVE = YES;
				CLANG_WARN_UNGUARDED_AVAILABILITY = YES_AGGRESSIVE;
				CLANG_WARN_UNREACHABLE_CODE = YES;
				CLANG_WARN__DUPLICATE_METHOD_MATCH = YES;
				CODE_SIGN_IDENTITY = "iPhone Developer";
				COPY_PHASE_STRIP = NO;
				DEBUG_INFORMATION_FORMAT = dwarf;
				ENABLE_STRICT_OBJC_MSGSEND = YES;
				ENABLE_TESTABILITY = YES;
				GCC_C_LANGUAGE_STANDARD = gnu11;
				GCC_DYNAMIC_NO_PIC = NO;
				GCC_NO_COMMON_BLOCKS = YES;
				GCC_OPTIMIZATION_LEVEL = 0;
				GCC_PREPROCESSOR_DEFINITIONS = (
					"DEBUG=1",
					"$(inherited)",
				);
				GCC_WARN_64_TO_32_BIT_CONVERSION = YES;
				GCC_WARN_ABOUT_RETURN_TYPE = YES_ERROR;
				GCC_WARN_UNDECLARED_SELECTOR = YES;
				GCC_WARN_UNINITIALIZED_AUTOS = YES_AGGRESSIVE;
				GCC_WARN_UNUSED_FUNCTION = YES;
				GCC_WARN_UNUSED_VARIABLE = YES;
				IPHONEOS_DEPLOYMENT_TARGET = 12.1;
				MTL_ENABLE_DEBUG_INFO = INCLUDE_SOURCE;
				MTL_FAST_MATH = YES;
				ONLY_ACTIVE_ARCH = YES;
				SDKROOT = iphoneos;
				SWIFT_ACTIVE_COMPILATION_CONDITIONS = DEBUG;
				SWIFT_OPTIMIZATION_LEVEL = "-Onone";
			};
			name = Debug;
		};
		77DF7B0122578115001E69BA /* Release */ = {
			isa = XCBuildConfiguration;
			buildSettings = {
				ALWAYS_SEARCH_USER_PATHS = NO;
				CLANG_ANALYZER_NONNULL = YES;
				CLANG_ANALYZER_NUMBER_OBJECT_CONVERSION = YES_AGGRESSIVE;
				CLANG_CXX_LANGUAGE_STANDARD = "gnu++14";
				CLANG_CXX_LIBRARY = "libc++";
				CLANG_ENABLE_MODULES = YES;
				CLANG_ENABLE_OBJC_ARC = YES;
				CLANG_ENABLE_OBJC_WEAK = YES;
				CLANG_WARN_BLOCK_CAPTURE_AUTORELEASING = YES;
				CLANG_WARN_BOOL_CONVERSION = YES;
				CLANG_WARN_COMMA = YES;
				CLANG_WARN_CONSTANT_CONVERSION = YES;
				CLANG_WARN_DEPRECATED_OBJC_IMPLEMENTATIONS = YES;
				CLANG_WARN_DIRECT_OBJC_ISA_USAGE = YES_ERROR;
				CLANG_WARN_DOCUMENTATION_COMMENTS = YES;
				CLANG_WARN_EMPTY_BODY = YES;
				CLANG_WARN_ENUM_CONVERSION = YES;
				CLANG_WARN_INFINITE_RECURSION = YES;
				CLANG_WARN_INT_CONVERSION = YES;
				CLANG_WARN_NON_LITERAL_NULL_CONVERSION = YES;
				CLANG_WARN_OBJC_IMPLICIT_RETAIN_SELF = YES;
				CLANG_WARN_OBJC_LITERAL_CONVERSION = YES;
				CLANG_WARN_OBJC_ROOT_CLASS = YES_ERROR;
				CLANG_WARN_RANGE_LOOP_ANALYSIS = YES;
				CLANG_WARN_STRICT_PROTOTYPES = YES;
				CLANG_WARN_SUSPICIOUS_MOVE = YES;
				CLANG_WARN_UNGUARDED_AVAILABILITY = YES_AGGRESSIVE;
				CLANG_WARN_UNREACHABLE_CODE = YES;
				CLANG_WARN__DUPLICATE_METHOD_MATCH = YES;
				CODE_SIGN_IDENTITY = "iPhone Developer";
				COPY_PHASE_STRIP = NO;
				DEBUG_INFORMATION_FORMAT = "dwarf-with-dsym";
				ENABLE_NS_ASSERTIONS = NO;
				ENABLE_STRICT_OBJC_MSGSEND = YES;
				GCC_C_LANGUAGE_STANDARD = gnu11;
				GCC_NO_COMMON_BLOCKS = YES;
				GCC_WARN_64_TO_32_BIT_CONVERSION = YES;
				GCC_WARN_ABOUT_RETURN_TYPE = YES_ERROR;
				GCC_WARN_UNDECLARED_SELECTOR = YES;
				GCC_WARN_UNINITIALIZED_AUTOS = YES_AGGRESSIVE;
				GCC_WARN_UNUSED_FUNCTION = YES;
				GCC_WARN_UNUSED_VARIABLE = YES;
				IPHONEOS_DEPLOYMENT_TARGET = 12.1;
				MTL_ENABLE_DEBUG_INFO = NO;
				MTL_FAST_MATH = YES;
				SDKROOT = iphoneos;
				SWIFT_COMPILATION_MODE = wholemodule;
				SWIFT_OPTIMIZATION_LEVEL = "-O";
				VALIDATE_PRODUCT = YES;
			};
			name = Release;
		};
		77DF7B0322578115001E69BA /* Debug */ = {
			isa = XCBuildConfiguration;
			buildSettings = {
				ASSETCATALOG_COMPILER_APPICON_NAME = AppIcon;
				CODE_SIGN_STYLE = Automatic;
				INFOPLIST_FILE = Gacha/Info.plist;
				LD_RUNPATH_SEARCH_PATHS = (
					"$(inherited)",
					"@executable_path/Frameworks",
				);
				PRODUCT_BUNDLE_IDENTIFIER = minutoni.Gacha;
				PRODUCT_NAME = "$(TARGET_NAME)";
				SWIFT_VERSION = 4.2;
				TARGETED_DEVICE_FAMILY = "1,2";
			};
			name = Debug;
		};
		77DF7B0422578115001E69BA /* Release */ = {
			isa = XCBuildConfiguration;
			buildSettings = {
				ASSETCATALOG_COMPILER_APPICON_NAME = AppIcon;
				CODE_SIGN_STYLE = Automatic;
				INFOPLIST_FILE = Gacha/Info.plist;
				LD_RUNPATH_SEARCH_PATHS = (
					"$(inherited)",
					"@executable_path/Frameworks",
				);
				PRODUCT_BUNDLE_IDENTIFIER = minutoni.Gacha;
				PRODUCT_NAME = "$(TARGET_NAME)";
				SWIFT_VERSION = 4.2;
				TARGETED_DEVICE_FAMILY = "1,2";
			};
			name = Release;
		};
		77DF7B0622578115001E69BA /* Debug */ = {
			isa = XCBuildConfiguration;
			buildSettings = {
				ALWAYS_EMBED_SWIFT_STANDARD_LIBRARIES = YES;
				BUNDLE_LOADER = "$(TEST_HOST)";
				CODE_SIGN_STYLE = Automatic;
				INFOPLIST_FILE = GachaTests/Info.plist;
				LD_RUNPATH_SEARCH_PATHS = (
					"$(inherited)",
					"@executable_path/Frameworks",
					"@loader_path/Frameworks",
				);
				PRODUCT_BUNDLE_IDENTIFIER = minutoni.GachaTests;
				PRODUCT_NAME = "$(TARGET_NAME)";
				SWIFT_VERSION = 4.2;
				TARGETED_DEVICE_FAMILY = "1,2";
				TEST_HOST = "$(BUILT_PRODUCTS_DIR)/Gacha.app/Gacha";
			};
			name = Debug;
		};
		77DF7B0722578115001E69BA /* Release */ = {
			isa = XCBuildConfiguration;
			buildSettings = {
				ALWAYS_EMBED_SWIFT_STANDARD_LIBRARIES = YES;
				BUNDLE_LOADER = "$(TEST_HOST)";
				CODE_SIGN_STYLE = Automatic;
				INFOPLIST_FILE = GachaTests/Info.plist;
				LD_RUNPATH_SEARCH_PATHS = (
					"$(inherited)",
					"@executable_path/Frameworks",
					"@loader_path/Frameworks",
				);
				PRODUCT_BUNDLE_IDENTIFIER = minutoni.GachaTests;
				PRODUCT_NAME = "$(TARGET_NAME)";
				SWIFT_VERSION = 4.2;
				TARGETED_DEVICE_FAMILY = "1,2";
				TEST_HOST = "$(BUILT_PRODUCTS_DIR)/Gacha.app/Gacha";
			};
			name = Release;
		};
		77DF7B0922578115001E69BA /* Debug */ = {
			isa = XCBuildConfiguration;
			buildSettings = {
				ALWAYS_EMBED_SWIFT_STANDARD_LIBRARIES = YES;
				CODE_SIGN_STYLE = Automatic;
				INFOPLIST_FILE = GachaUITests/Info.plist;
				LD_RUNPATH_SEARCH_PATHS = (
					"$(inherited)",
					"@executable_path/Frameworks",
					"@loader_path/Frameworks",
				);
				PRODUCT_BUNDLE_IDENTIFIER = minutoni.GachaUITests;
				PRODUCT_NAME = "$(TARGET_NAME)";
				SWIFT_VERSION = 4.2;
				TARGETED_DEVICE_FAMILY = "1,2";
				TEST_TARGET_NAME = Gacha;
			};
			name = Debug;
		};
		77DF7B0A22578115001E69BA /* Release */ = {
			isa = XCBuildConfiguration;
			buildSettings = {
				ALWAYS_EMBED_SWIFT_STANDARD_LIBRARIES = YES;
				CODE_SIGN_STYLE = Automatic;
				INFOPLIST_FILE = GachaUITests/Info.plist;
				LD_RUNPATH_SEARCH_PATHS = (
					"$(inherited)",
					"@executable_path/Frameworks",
					"@loader_path/Frameworks",
				);
				PRODUCT_BUNDLE_IDENTIFIER = minutoni.GachaUITests;
				PRODUCT_NAME = "$(TARGET_NAME)";
				SWIFT_VERSION = 4.2;
				TARGETED_DEVICE_FAMILY = "1,2";
				TEST_TARGET_NAME = Gacha;
			};
			name = Release;
		};
/* End XCBuildConfiguration section */

/* Begin XCConfigurationList section */
		77DF7AD522578114001E69BA /* Build configuration list for PBXProject "Gacha" */ = {
			isa = XCConfigurationList;
			buildConfigurations = (
				77DF7B0022578115001E69BA /* Debug */,
				77DF7B0122578115001E69BA /* Release */,
			);
			defaultConfigurationIsVisible = 0;
			defaultConfigurationName = Release;
		};
		77DF7B0222578115001E69BA /* Build configuration list for PBXNativeTarget "Gacha" */ = {
			isa = XCConfigurationList;
			buildConfigurations = (
				77DF7B0322578115001E69BA /* Debug */,
				77DF7B0422578115001E69BA /* Release */,
			);
			defaultConfigurationIsVisible = 0;
			defaultConfigurationName = Release;
		};
		77DF7B0522578115001E69BA /* Build configuration list for PBXNativeTarget "GachaTests" */ = {
			isa = XCConfigurationList;
			buildConfigurations = (
				77DF7B0622578115001E69BA /* Debug */,
				77DF7B0722578115001E69BA /* Release */,
			);
			defaultConfigurationIsVisible = 0;
			defaultConfigurationName = Release;
		};
		77DF7B0822578115001E69BA /* Build configuration list for PBXNativeTarget "GachaUITests" */ = {
			isa = XCConfigurationList;
			buildConfigurations = (
				77DF7B0922578115001E69BA /* Debug */,
				77DF7B0A22578115001E69BA /* Release */,
			);
			defaultConfigurationIsVisible = 0;
			defaultConfigurationName = Release;
		};
/* End XCConfigurationList section */
	};
	rootObject = 77DF7AD222578114001E69BA /* Project object */;
}
